github.com/pkg/profile v1.5.0 h1:042Buzk+NhDI+DeSAA62RwJL8VAuZUMQZUjCsRz1Mug=
github.com/pkg/profile v1.5.0/go.mod h1:qBsxPvzyUincmltOk6iyRVxHYg4adc0OFOv72ZdLa18=
github.com/shogo82148/go-sql-proxy v0.3.0 h1:EQMa+7deWxcp0xxjsMDRnIEjVRsuk8ys2fuSzt5bDlc=
github.com/shogo82148/go-sql-proxy v0.3.0/go.mod h1:48I3ZuQ9xim8OG+QpkcYLiRy4w6q/gjol/MwoTlSFrY=
